
Microsoft Visual Studio Solution File, Format Version 12.00
# Visual Studio Version 17
VisualStudioVersion = 17.3.32922.545
MinimumVisualStudioVersion = 10.0.40219.1
Project("{FAE04EC0-301F-11D3-BF4B-00C04F79EFBC}") = "BEWebApp", "BEWebApp\BEWebApp.csproj", "{02AC1AE5-3DF1-454D-B523-6548A07D202D}"
EndProject
Global
	GlobalSection(SolutionConfigurationPlatforms) = preSolution
		Debug|Any CPU = Debug|Any CPU
		Release|Any CPU = Release|Any CPU
	EndGlobalSection
	GlobalSection(ProjectConfigurationPlatforms) = postSolution
		{02AC1AE5-3DF1-454D-B523-6548A07D202D}.Debug|Any CPU.ActiveCfg = Debug|Any CPU
		{02AC1AE5-3DF1-454D-B523-6548A07D202D}.Debug|Any CPU.Build.0 = Debug|Any CPU
		{02AC1AE5-3DF1-454D-B523-6548A07D202D}.Release|Any CPU.ActiveCfg = Release|Any CPU
		{02AC1AE5-3DF1-454D-B523-6548A07D202D}.Release|Any CPU.Build.0 = Release|Any CPU
	EndGlobalSection
	GlobalSection(SolutionProperties) = preSolution
		HideSolutionNode = FALSE
	EndGlobalSection
	GlobalSection(ExtensibilityGlobals) = postSolution
		SolutionGuid = {67C75062-8A3C-43E7-BD46-963DDDDF9286}
	EndGlobalSection
EndGlobal
